// !$*UTF8*$!
{
	archiveVersion = 1;
	classes = {
	};
	objectVersion = 50;
	objects = {

/* Begin PBXBuildFile section */
		3C22859A2439C2930097C3A2 /* LaunchScreen.storyboard in Resources */ = {isa = PBXBuildFile; fileRef = 3C2285992439C2930097C3A2 /* LaunchScreen.storyboard */; };
		3C93DBB123ED964600339731 /* AppDelegate.swift in Sources */ = {isa = PBXBuildFile; fileRef = 3C93DBB023ED964600339731 /* AppDelegate.swift */; };
		3C93DBB723ED964800339731 /* Assets.xcassets in Resources */ = {isa = PBXBuildFile; fileRef = 3C93DBB623ED964800339731 /* Assets.xcassets */; };
		3C93DBBA23ED964800339731 /* Preview Assets.xcassets in Resources */ = {isa = PBXBuildFile; fileRef = 3C93DBB923ED964800339731 /* Preview Assets.xcassets */; };
		3C93DBC523ED9A7D00339731 /* Pokemon.swift in Sources */ = {isa = PBXBuildFile; fileRef = 3C93DBC423ED9A7D00339731 /* Pokemon.swift */; };
		3CCDDDFA2403BE0E000431A4 /* DetailController.swift in Sources */ = {isa = PBXBuildFile; fileRef = 3CCDDDF92403BE0E000431A4 /* DetailController.swift */; };
		3CCDDDFC2403BF09000431A4 /* ViewController.swift in Sources */ = {isa = PBXBuildFile; fileRef = 3CCDDDFB2403BF09000431A4 /* ViewController.swift */; };
		3CCDDDFE2406F324000431A4 /* Main.storyboard in Resources */ = {isa = PBXBuildFile; fileRef = 3CCDDDFD2406F324000431A4 /* Main.storyboard */; };
		3CFD858E2407CB580025A1EF /* ContentView.swift in Sources */ = {isa = PBXBuildFile; fileRef = 3CFD858D2407CB580025A1EF /* ContentView.swift */; };
		3CFD86692407E7EE0025A1EF /* FavoriteDataModel.xcdatamodeld in Sources */ = {isa = PBXBuildFile; fileRef = 3CFD86672407E7ED0025A1EF /* FavoriteDataModel.xcdatamodeld */; };
		3CFD866B2407F4450025A1EF /* FavouritesController.swift in Sources */ = {isa = PBXBuildFile; fileRef = 3CFD866A2407F4450025A1EF /* FavouritesController.swift */; };
/* End PBXBuildFile section */

/* Begin PBXFileReference section */
		3C2285992439C2930097C3A2 /* LaunchScreen.storyboard */ = {isa = PBXFileReference; lastKnownFileType = file.storyboard; path = LaunchScreen.storyboard; sourceTree = "<group>"; };
		3C93DBAD23ED964600339731 /* Pokedex.app */ = {isa = PBXFileReference; explicitFileType = wrapper.application; includeInIndex = 0; path = Pokedex.app; sourceTree = BUILT_PRODUCTS_DIR; };
		3C93DBB023ED964600339731 /* AppDelegate.swift */ = {isa = PBXFileReference; lastKnownFileType = sourcecode.swift; path = AppDelegate.swift; sourceTree = "<group>"; };
		3C93DBB623ED964800339731 /* Assets.xcassets */ = {isa = PBXFileReference; lastKnownFileType = folder.assetcatalog; path = Assets.xcassets; sourceTree = "<group>"; };
		3C93DBB923ED964800339731 /* Preview Assets.xcassets */ = {isa = PBXFileReference; lastKnownFileType = folder.assetcatalog; path = "Preview Assets.xcassets"; sourceTree = "<group>"; };
		3C93DBBE23ED964800339731 /* Info.plist */ = {isa = PBXFileReference; lastKnownFileType = text.plist.xml; path = Info.plist; sourceTree = "<group>"; };
		3C93DBC423ED9A7D00339731 /* Pokemon.swift */ = {isa = PBXFileReference; lastKnownFileType = sourcecode.swift; path = Pokemon.swift; sourceTree = "<group>"; };
		3CCDDDF92403BE0E000431A4 /* DetailController.swift */ = {isa = PBXFileReference; lastKnownFileType = sourcecode.swift; path = DetailController.swift; sourceTree = "<group>"; };
		3CCDDDFB2403BF09000431A4 /* ViewController.swift */ = {isa = PBXFileReference; lastKnownFileType = sourcecode.swift; path = ViewController.swift; sourceTree = "<group>"; };
		3CCDDDFD2406F324000431A4 /* Main.storyboard */ = {isa = PBXFileReference; lastKnownFileType = file.storyboard; path = Main.storyboard; sourceTree = "<group>"; };
		3CFD858D2407CB580025A1EF /* ContentView.swift */ = {isa = PBXFileReference; fileEncoding = 4; lastKnownFileType = sourcecode.swift; path = ContentView.swift; sourceTree = "<group>"; };
		3CFD86682407E7ED0025A1EF /* FavoriteDataModel.xcdatamodel */ = {isa = PBXFileReference; lastKnownFileType = wrapper.xcdatamodel; path = FavoriteDataModel.xcdatamodel; sourceTree = "<group>"; };
		3CFD866A2407F4450025A1EF /* FavouritesController.swift */ = {isa = PBXFileReference; lastKnownFileType = sourcecode.swift; path = FavouritesController.swift; sourceTree = "<group>"; };
/* End PBXFileReference section */

/* Begin PBXFrameworksBuildPhase section */
		3C93DBAA23ED964600339731 /* Frameworks */ = {
			isa = PBXFrameworksBuildPhase;
			buildActionMask = 2147483647;
			files = (
			);
			runOnlyForDeploymentPostprocessing = 0;
		};
/* End PBXFrameworksBuildPhase section */

/* Begin PBXGroup section */
		3C93DBA423ED964600339731 = {
			isa = PBXGroup;
			children = (
				3C93DBAF23ED964600339731 /* eindopdrachtRK_iOS */,
				3C93DBAE23ED964600339731 /* Products */,
			);
			sourceTree = "<group>";
		};
		3C93DBAE23ED964600339731 /* Products */ = {
			isa = PBXGroup;
			children = (
				3C93DBAD23ED964600339731 /* Pokedex.app */,
			);
			name = Products;
			sourceTree = "<group>";
		};
		3C93DBAF23ED964600339731 /* eindopdrachtRK_iOS */ = {
			isa = PBXGroup;
			children = (
				3CFD858D2407CB580025A1EF /* ContentView.swift */,
				3C93DBC823ED9C2200339731 /* Model */,
				3C93DBB023ED964600339731 /* AppDelegate.swift */,
				3C93DBB623ED964800339731 /* Assets.xcassets */,
				3C93DBBE23ED964800339731 /* Info.plist */,
				3C93DBB823ED964800339731 /* Preview Content */,
				3CCDDDF92403BE0E000431A4 /* DetailController.swift */,
				3CCDDDFB2403BF09000431A4 /* ViewController.swift */,
				3C2285992439C2930097C3A2 /* LaunchScreen.storyboard */,
				3CCDDDFD2406F324000431A4 /* Main.storyboard */,
				3CFD866A2407F4450025A1EF /* FavouritesController.swift */,
			);
			path = eindopdrachtRK_iOS;
			sourceTree = "<group>";
		};
		3C93DBB823ED964800339731 /* Preview Content */ = {
			isa = PBXGroup;
			children = (
				3C93DBB923ED964800339731 /* Preview Assets.xcassets */,
			);
			path = "Preview Content";
			sourceTree = "<group>";
		};
		3C93DBC823ED9C2200339731 /* Model */ = {
			isa = PBXGroup;
			children = (
				3CFD86672407E7ED0025A1EF /* FavoriteDataModel.xcdatamodeld */,
				3C93DBC423ED9A7D00339731 /* Pokemon.swift */,
			);
			path = Model;
			sourceTree = "<group>";
		};
/* End PBXGroup section */

/* Begin PBXNativeTarget section */
		3C93DBAC23ED964600339731 /* eindopdrachtRK_iOS */ = {
			isa = PBXNativeTarget;
			buildConfigurationList = 3C93DBC123ED964800339731 /* Build configuration list for PBXNativeTarget "eindopdrachtRK_iOS" */;
			buildPhases = (
				3C93DBA923ED964600339731 /* Sources */,
				3C93DBAA23ED964600339731 /* Frameworks */,
				3C93DBAB23ED964600339731 /* Resources */,
			);
			buildRules = (
			);
			dependencies = (
			);
			name = eindopdrachtRK_iOS;
			productName = eindopdrachtRK_iOS;
			productReference = 3C93DBAD23ED964600339731 /* Pokedex.app */;
			productType = "com.apple.product-type.application";
		};
/* End PBXNativeTarget section */

/* Begin PBXProject section */
		3C93DBA523ED964600339731 /* Project object */ = {
			isa = PBXProject;
			attributes = {
				LastSwiftUpdateCheck = 1130;
				LastUpgradeCheck = 1130;
				ORGANIZATIONNAME = RK;
				TargetAttributes = {
					3C93DBAC23ED964600339731 = {
						CreatedOnToolsVersion = 11.3.1;
					};
				};
			};
			buildConfigurationList = 3C93DBA823ED964600339731 /* Build configuration list for PBXProject " " */;
			compatibilityVersion = "Xcode 9.3";
			developmentRegion = en;
			hasScannedForEncodings = 0;
			knownRegions = (
				en,
				Base,
			);
			mainGroup = 3C93DBA423ED964600339731;
			productRefGroup = 3C93DBAE23ED964600339731 /* Products */;
			projectDirPath = "";
			projectRoot = "";
			targets = (
				3C93DBAC23ED964600339731 /* eindopdrachtRK_iOS */,
			);
		};
/* End PBXProject section */

/* Begin PBXResourcesBuildPhase section */
		3C93DBAB23ED964600339731 /* Resources */ = {
			isa = PBXResourcesBuildPhase;
			buildActionMask = 2147483647;
			files = (
				3C93DBBA23ED964800339731 /* Preview Assets.xcassets in Resources */,
				3C93DBB723ED964800339731 /* Assets.xcassets in Resources */,
				3C22859A2439C2930097C3A2 /* LaunchScreen.storyboard in Resources */,
				3CCDDDFE2406F324000431A4 /* Main.storyboard in Resources */,
			);
			runOnlyForDeploymentPostprocessing = 0;
		};
/* End PBXResourcesBuildPhase section */

/* Begin PBXSourcesBuildPhase section */
		3C93DBA923ED964600339731 /* Sources */ = {
			isa = PBXSourcesBuildPhase;
			buildActionMask = 2147483647;
			files = (
				3CCDDDFC2403BF09000431A4 /* ViewController.swift in Sources */,
				3CFD866B2407F4450025A1EF /* FavouritesController.swift in Sources */,
				3C93DBB123ED964600339731 /* AppDelegate.swift in Sources */,
				3CFD858E2407CB580025A1EF /* ContentView.swift in Sources */,
				3C93DBC523ED9A7D00339731 /* Pokemon.swift in Sources */,
				3CCDDDFA2403BE0E000431A4 /* DetailController.swift in Sources */,
				3CFD86692407E7EE0025A1EF /* FavoriteDataModel.xcdatamodeld in Sources */,
			);
			runOnlyForDeploymentPostprocessing = 0;
		};
/* End PBXSourcesBuildPhase section */

/* Begin XCBuildConfiguration section */
		3C93DBBF23ED964800339731 /* Debug */ = {
			isa = XCBuildConfiguration;
			buildSettings = {
				ALWAYS_SEARCH_USER_PATHS = NO;
				CLANG_ANALYZER_NONNULL = YES;
				CLANG_ANALYZER_NUMBER_OBJECT_CONVERSION = YES_AGGRESSIVE;
				CLANG_CXX_LANGUAGE_STANDARD = "gnu++14";
				CLANG_CXX_LIBRARY = "libc++";
				CLANG_ENABLE_MODULES = YES;
				CLANG_ENABLE_OBJC_ARC = YES;
				CLANG_ENABLE_OBJC_WEAK = YES;
				CLANG_WARN_BLOCK_CAPTURE_AUTORELEASING = YES;
				CLANG_WARN_BOOL_CONVERSION = YES;
				CLANG_WARN_COMMA = YES;
				CLANG_WARN_CONSTANT_CONVERSION = YES;
				CLANG_WARN_DEPRECATED_OBJC_IMPLEMENTATIONS = YES;
				CLANG_WARN_DIRECT_OBJC_ISA_USAGE = YES_ERROR;
				CLANG_WARN_DOCUMENTATION_COMMENTS = YES;
				CLANG_WARN_EMPTY_BODY = YES;
				CLANG_WARN_ENUM_CONVERSION = YES;
				CLANG_WARN_INFINITE_RECURSION = YES;
				CLANG_WARN_INT_CONVERSION = YES;
				CLANG_WARN_NON_LITERAL_NULL_CONVERSION = YES;
				CLANG_WARN_OBJC_IMPLICIT_RETAIN_SELF = YES;
				CLANG_WARN_OBJC_LITERAL_CONVERSION = YES;
				CLANG_WARN_OBJC_ROOT_CLASS = YES_ERROR;
				CLANG_WARN_RANGE_LOOP_ANALYSIS = YES;
				CLANG_WARN_STRICT_PROTOTYPES = YES;
				CLANG_WARN_SUSPICIOUS_MOVE = YES;
				CLANG_WARN_UNGUARDED_AVAILABILITY = YES_AGGRESSIVE;
				CLANG_WARN_UNREACHABLE_CODE = YES;
				CLANG_WARN__DUPLICATE_METHOD_MATCH = YES;
				COPY_PHASE_STRIP = NO;
				DEBUG_INFORMATION_FORMAT = dwarf;
				ENABLE_STRICT_OBJC_MSGSEND = YES;
				ENABLE_TESTABILITY = YES;
				GCC_C_LANGUAGE_STANDARD = gnu11;
				GCC_DYNAMIC_NO_PIC = NO;
				GCC_NO_COMMON_BLOCKS = YES;
				GCC_OPTIMIZATION_LEVEL = 0;
				GCC_PREPROCESSOR_DEFINITIONS = (
					"DEBUG=1",
					"$(inherited)",
				);
				GCC_WARN_64_TO_32_BIT_CONVERSION = YES;
				GCC_WARN_ABOUT_RETURN_TYPE = YES_ERROR;
				GCC_WARN_UNDECLARED_SELECTOR = YES;
				GCC_WARN_UNINITIALIZED_AUTOS = YES_AGGRESSIVE;
				GCC_WARN_UNUSED_FUNCTION = YES;
				GCC_WARN_UNUSED_VARIABLE = YES;
				IPHONEOS_DEPLOYMENT_TARGET = 13.2;
				MTL_ENABLE_DEBUG_INFO = INCLUDE_SOURCE;
				MTL_FAST_MATH = YES;
				ONLY_ACTIVE_ARCH = YES;
				SDKROOT = iphoneos;
				SWIFT_ACTIVE_COMPILATION_CONDITIONS = DEBUG;
				SWIFT_OPTIMIZATION_LEVEL = "-Onone";
			};
			name = Debug;
		};
		3C93DBC023ED964800339731 /* Release */ = {
			isa = XCBuildConfiguration;
			buildSettings = {
				ALWAYS_SEARCH_USER_PATHS = NO;
				CLANG_ANALYZER_NONNULL = YES;
				CLANG_ANALYZER_NUMBER_OBJECT_CONVERSION = YES_AGGRESSIVE;
				CLANG_CXX_LANGUAGE_STANDARD = "gnu++14";
				CLANG_CXX_LIBRARY = "libc++";
				CLANG_ENABLE_MODULES = YES;
				CLANG_ENABLE_OBJC_ARC = YES;
				CLANG_ENABLE_OBJC_WEAK = YES;
				CLANG_WARN_BLOCK_CAPTURE_AUTORELEASING = YES;
				CLANG_WARN_BOOL_CONVERSION = YES;
				CLANG_WARN_COMMA = YES;
				CLANG_WARN_CONSTANT_CONVERSION = YES;
				CLANG_WARN_DEPRECATED_OBJC_IMPLEMENTATIONS = YES;
				CLANG_WARN_DIRECT_OBJC_ISA_USAGE = YES_ERROR;
				CLANG_WARN_DOCUMENTATION_COMMENTS = YES;
				CLANG_WARN_EMPTY_BODY = YES;
				CLANG_WARN_ENUM_CONVERSION = YES;
				CLANG_WARN_INFINITE_RECURSION = YES;
				CLANG_WARN_INT_CONVERSION = YES;
				CLANG_WARN_NON_LITERAL_NULL_CONVERSION = YES;
				CLANG_WARN_OBJC_IMPLICIT_RETAIN_SELF = YES;
				CLANG_WARN_OBJC_LITERAL_CONVERSION = YES;
				CLANG_WARN_OBJC_ROOT_CLASS = YES_ERROR;
				CLANG_WARN_RANGE_LOOP_ANALYSIS = YES;
				CLANG_WARN_STRICT_PROTOTYPES = YES;
				CLANG_WARN_SUSPICIOUS_MOVE = YES;
				CLANG_WARN_UNGUARDED_AVAILABILITY = YES_AGGRESSIVE;
				CLANG_WARN_UNREACHABLE_CODE = YES;
				CLANG_WARN__DUPLICATE_METHOD_MATCH = YES;
				COPY_PHASE_STRIP = NO;
				DEBUG_INFORMATION_FORMAT = "dwarf-with-dsym";
				ENABLE_NS_ASSERTIONS = NO;
				ENABLE_STRICT_OBJC_MSGSEND = YES;
				GCC_C_LANGUAGE_STANDARD = gnu11;
				GCC_NO_COMMON_BLOCKS = YES;
				GCC_WARN_64_TO_32_BIT_CONVERSION = YES;
				GCC_WARN_ABOUT_RETURN_TYPE = YES_ERROR;
				GCC_WARN_UNDECLARED_SELECTOR = YES;
				GCC_WARN_UNINITIALIZED_AUTOS = YES_AGGRESSIVE;
				GCC_WARN_UNUSED_FUNCTION = YES;
				GCC_WARN_UNUSED_VARIABLE = YES;
				IPHONEOS_DEPLOYMENT_TARGET = 13.2;
				MTL_ENABLE_DEBUG_INFO = NO;
				MTL_FAST_MATH = YES;
				SDKROOT = iphoneos;
				SWIFT_COMPILATION_MODE = wholemodule;
				SWIFT_OPTIMIZATION_LEVEL = "-O";
				VALIDATE_PRODUCT = YES;
			};
			name = Release;
		};
		3C93DBC223ED964800339731 /* Debug */ = {
			isa = XCBuildConfiguration;
			buildSettings = {
				ASSETCATALOG_COMPILER_APPICON_NAME = AppIcon;
				CODE_SIGN_STYLE = Automatic;
				DEVELOPMENT_ASSET_PATHS = "\"eindopdrachtRK_iOS/Preview Content\"";
				ENABLE_PREVIEWS = YES;
				INFOPLIST_FILE = eindopdrachtRK_iOS/Info.plist;
				LD_RUNPATH_SEARCH_PATHS = (
					"$(inherited)",
					"@executable_path/Frameworks",
				);
				PRODUCT_BUNDLE_IDENTIFIER = "RK.eindopdrachtRK-iOS";
				PRODUCT_NAME = Pokedex;
				SWIFT_VERSION = 5.0;
				TARGETED_DEVICE_FAMILY = "1,2";
			};
			name = Debug;
		};
		3C93DBC323ED964800339731 /* Release */ = {
			isa = XCBuildConfiguration;
			buildSettings = {
				ASSETCATALOG_COMPILER_APPICON_NAME = AppIcon;
				CODE_SIGN_STYLE = Automatic;
				DEVELOPMENT_ASSET_PATHS = "\"eindopdrachtRK_iOS/Preview Content\"";
				ENABLE_PREVIEWS = YES;
				INFOPLIST_FILE = eindopdrachtRK_iOS/Info.plist;
				LD_RUNPATH_SEARCH_PATHS = (
					"$(inherited)",
					"@executable_path/Frameworks",
				);
				PRODUCT_BUNDLE_IDENTIFIER = "RK.eindopdrachtRK-iOS";
				PRODUCT_NAME = Pokedex;
				SWIFT_VERSION = 5.0;
				TARGETED_DEVICE_FAMILY = "1,2";
			};
			name = Release;
		};
/* End XCBuildConfiguration section */

/* Begin XCConfigurationList section */
		3C93DBA823ED964600339731 /* Build configuration list for PBXProject " " */ = {
			isa = XCConfigurationList;
			buildConfigurations = (
				3C93DBBF23ED964800339731 /* Debug */,
				3C93DBC023ED964800339731 /* Release */,
			);
			defaultConfigurationIsVisible = 0;
			defaultConfigurationName = Release;
		};
		3C93DBC123ED964800339731 /* Build configuration list for PBXNativeTarget "eindopdrachtRK_iOS" */ = {
			isa = XCConfigurationList;
			buildConfigurations = (
				3C93DBC223ED964800339731 /* Debug */,
				3C93DBC323ED964800339731 /* Release */,
			);
			defaultConfigurationIsVisible = 0;
			defaultConfigurationName = Release;
		};
/* End XCConfigurationList section */

/* Begin XCVersionGroup section */
		3CFD86672407E7ED0025A1EF /* FavoriteDataModel.xcdatamodeld */ = {
			isa = XCVersionGroup;
			children = (
				3CFD86682407E7ED0025A1EF /* FavoriteDataModel.xcdatamodel */,
			);
			currentVersion = 3CFD86682407E7ED0025A1EF /* FavoriteDataModel.xcdatamodel */;
			name = FavoriteDataModel.xcdatamodeld;
			path = "../../../../Downloads/Eindopdracht_MobileDev2_iOS-master/Eindopdracht_MobileDev2_iOS/Model/FavoriteDataModel.xcdatamodeld";
			sourceTree = "<group>";
			versionGroupType = wrapper.xcdatamodel;
		};
/* End XCVersionGroup section */
	};
	rootObject = 3C93DBA523ED964600339731 /* Project object */;
}
